
Microsoft Visual Studio Solution File, Format Version 12.00
# Visual Studio Version 17
VisualStudioVersion = 17.7.34031.279
MinimumVisualStudioVersion = 10.0.40219.1
Project("{FAE04EC0-301F-11D3-BF4B-00C04F79EFBC}") = "ApiVetShop", "ApiVetShop\ApiVetShop.csproj", "{DED8937A-6BCF-4F7B-B2E0-3E5AABADE95F}"
EndProject
Global
	GlobalSection(SolutionConfigurationPlatforms) = preSolution
		Debug|Any CPU = Debug|Any CPU
		Release|Any CPU = Release|Any CPU
	EndGlobalSection
	GlobalSection(ProjectConfigurationPlatforms) = postSolution
		{DED8937A-6BCF-4F7B-B2E0-3E5AABADE95F}.Debug|Any CPU.ActiveCfg = Debug|Any CPU
		{DED8937A-6BCF-4F7B-B2E0-3E5AABADE95F}.Debug|Any CPU.Build.0 = Debug|Any CPU
		{DED8937A-6BCF-4F7B-B2E0-3E5AABADE95F}.Release|Any CPU.ActiveCfg = Release|Any CPU
		{DED8937A-6BCF-4F7B-B2E0-3E5AABADE95F}.Release|Any CPU.Build.0 = Release|Any CPU
	EndGlobalSection
	GlobalSection(SolutionProperties) = preSolution
		HideSolutionNode = FALSE
	EndGlobalSection
	GlobalSection(ExtensibilityGlobals) = postSolution
		SolutionGuid = {DCA219C2-EE39-4D9E-8650-8D98112A2C1A}
	EndGlobalSection
EndGlobal
